
Microsoft Visual Studio Solution File, Format Version 12.00
# Visual Studio Version 17
VisualStudioVersion = 17.10.34928.147
MinimumVisualStudioVersion = 10.0.40219.1
Project("{FAE04EC0-301F-11D3-BF4B-00C04F79EFBC}") = "Entity_Sql_Server", "Entity_Sql_Server.csproj", "{5E576496-0580-40C4-815C-E3E077896CE1}"
EndProject
Global
	GlobalSection(SolutionConfigurationPlatforms) = preSolution
		Debug|Any CPU = Debug|Any CPU
		Release|Any CPU = Release|Any CPU
	EndGlobalSection
	GlobalSection(ProjectConfigurationPlatforms) = postSolution
		{5E576496-0580-40C4-815C-E3E077896CE1}.Debug|Any CPU.ActiveCfg = Debug|Any CPU
		{5E576496-0580-40C4-815C-E3E077896CE1}.Debug|Any CPU.Build.0 = Debug|Any CPU
		{5E576496-0580-40C4-815C-E3E077896CE1}.Release|Any CPU.ActiveCfg = Release|Any CPU
		{5E576496-0580-40C4-815C-E3E077896CE1}.Release|Any CPU.Build.0 = Release|Any CPU
	EndGlobalSection
	GlobalSection(SolutionProperties) = preSolution
		HideSolutionNode = FALSE
	EndGlobalSection
	GlobalSection(ExtensibilityGlobals) = postSolution
		SolutionGuid = {86E810E8-8C2B-47EA-BE7E-94EF88F771EB}
	EndGlobalSection
EndGlobal
